// !$*UTF8*$!
{
	archiveVersion = 1;
	classes = {
	};
	objectVersion = 50;
	objects = {

/* Begin PBXBuildFile section */
		DF4ACD4F224C158900984A77 /* View.xib in Resources */ = {isa = PBXBuildFile; fileRef = DF4ACD4E224C158900984A77 /* View.xib */; };
		DF4ACD52224C17D300984A77 /* Localizable.strings in Resources */ = {isa = PBXBuildFile; fileRef = DF4ACD54224C17D300984A77 /* Localizable.strings */; };
		DF4ACD61224CC3E900984A77 /* Core.strings in Resources */ = {isa = PBXBuildFile; fileRef = DF4ACD63224CC3E900984A77 /* Core.strings */; };
		DF4ACD66224D1E4800984A77 /* InsideRelativeToProject.swift in Sources */ = {isa = PBXBuildFile; fileRef = DF4ACD65224D1E4800984A77 /* InsideRelativeToProject.swift */; };
		DF4ACD67224E1C2F00984A77 /* SampleCore.h in Headers */ = {isa = PBXBuildFile; fileRef = DFB4DB8E223997A4007DB426 /* SampleCore.h */; };
		DF4ACD68224E236D00984A77 /* LICENCE.md in Resources */ = {isa = PBXBuildFile; fileRef = DF85324E224BCC9600792A18 /* LICENCE.md */; };
		DF4ACD6A224E2C2300984A77 /* SampleCore.framework in Frameworks */ = {isa = PBXBuildFile; fileRef = DFB4DB8C223997A4007DB426 /* SampleCore.framework */; };
		DFAC5E7B22401710002C424B /* SampleCore.swift in Sources */ = {isa = PBXBuildFile; fileRef = DFAC5E7A22401710002C424B /* SampleCore.swift */; };
		DFAC5E7E22401BFA002C424B /* InsideNormal.swift in Sources */ = {isa = PBXBuildFile; fileRef = DFAC5E7D22401BFA002C424B /* InsideNormal.swift */; };
		DFAC5E8022401C11002C424B /* Ghost.swift in Sources */ = {isa = PBXBuildFile; fileRef = DFAC5E7F22401C11002C424B /* Ghost.swift */; };
		DFAC5E8522401DC9002C424B /* InsideRelativeToProjectWithoutFolder.swift in Sources */ = {isa = PBXBuildFile; fileRef = DFAC5E8422401DC9002C424B /* InsideRelativeToProjectWithoutFolder.swift */; };
		DFB4DB5A22397A49007DB426 /* AppDelegate.swift in Sources */ = {isa = PBXBuildFile; fileRef = DFB4DB5922397A49007DB426 /* AppDelegate.swift */; };
		DFB4DB5C22397A49007DB426 /* ViewController.swift in Sources */ = {isa = PBXBuildFile; fileRef = DFB4DB5B22397A49007DB426 /* ViewController.swift */; };
		DFB4DB5F22397A49007DB426 /* Main.storyboard in Resources */ = {isa = PBXBuildFile; fileRef = DFB4DB5D22397A49007DB426 /* Main.storyboard */; };
		DFB4DB6122397A4A007DB426 /* Assets.xcassets in Resources */ = {isa = PBXBuildFile; fileRef = DFB4DB6022397A4A007DB426 /* Assets.xcassets */; };
		DFB4DB6422397A4A007DB426 /* LaunchScreen.storyboard in Resources */ = {isa = PBXBuildFile; fileRef = DFB4DB6222397A4A007DB426 /* LaunchScreen.storyboard */; };
		DFB4DB6F22397A4A007DB426 /* SampleiOSAppTests.swift in Sources */ = {isa = PBXBuildFile; fileRef = DFB4DB6E22397A4A007DB426 /* SampleiOSAppTests.swift */; };
		DFB4DB7A22397A4A007DB426 /* SampleiOSAppUITests.swift in Sources */ = {isa = PBXBuildFile; fileRef = DFB4DB7922397A4A007DB426 /* SampleiOSAppUITests.swift */; };
		DFB4DB95223997A4007DB426 /* SampleCore.framework in Frameworks */ = {isa = PBXBuildFile; fileRef = DFB4DB8C223997A4007DB426 /* SampleCore.framework */; };
		DFB4DB9C223997A4007DB426 /* SampleCoreTests.swift in Sources */ = {isa = PBXBuildFile; fileRef = DFB4DB9B223997A4007DB426 /* SampleCoreTests.swift */; };
		DFB4DBA1223997A5007DB426 /* SampleCore.framework in Frameworks */ = {isa = PBXBuildFile; fileRef = DFB4DB8C223997A4007DB426 /* SampleCore.framework */; };
		DFB4DBA2223997A5007DB426 /* SampleCore.framework in Embed Frameworks */ = {isa = PBXBuildFile; fileRef = DFB4DB8C223997A4007DB426 /* SampleCore.framework */; settings = {ATTRIBUTES = (CodeSignOnCopy, RemoveHeadersOnCopy, ); }; };
		DFB4DBB8223997E6007DB426 /* SampleUI.framework in Frameworks */ = {isa = PBXBuildFile; fileRef = DFB4DBAF223997E5007DB426 /* SampleUI.framework */; };
		DFB4DBBF223997E6007DB426 /* SampleUITests.swift in Sources */ = {isa = PBXBuildFile; fileRef = DFB4DBBE223997E6007DB426 /* SampleUITests.swift */; };
		DFB4DBC1223997E6007DB426 /* SampleUI.h in Headers */ = {isa = PBXBuildFile; fileRef = DFB4DBB1223997E6007DB426 /* SampleUI.h */; settings = {ATTRIBUTES = (Public, ); }; };
		DFB4DBC4223997E6007DB426 /* SampleUI.framework in Frameworks */ = {isa = PBXBuildFile; fileRef = DFB4DBAF223997E5007DB426 /* SampleUI.framework */; };
		DFB4DBC5223997E6007DB426 /* SampleUI.framework in Embed Frameworks */ = {isa = PBXBuildFile; fileRef = DFB4DBAF223997E5007DB426 /* SampleUI.framework */; settings = {ATTRIBUTES = (CodeSignOnCopy, RemoveHeadersOnCopy, ); }; };
/* End PBXBuildFile section */

/* Begin PBXContainerItemProxy section */
		DFB4DB6B22397A4A007DB426 /* PBXContainerItemProxy */ = {
			isa = PBXContainerItemProxy;
			containerPortal = DFB4DB4E22397A49007DB426 /* Project object */;
			proxyType = 1;
			remoteGlobalIDString = DFB4DB5522397A49007DB426;
			remoteInfo = SampleiOSApp;
		};
		DFB4DB7622397A4A007DB426 /* PBXContainerItemProxy */ = {
			isa = PBXContainerItemProxy;
			containerPortal = DFB4DB4E22397A49007DB426 /* Project object */;
			proxyType = 1;
			remoteGlobalIDString = DFB4DB5522397A49007DB426;
			remoteInfo = SampleiOSApp;
		};
		DFB4DB96223997A4007DB426 /* PBXContainerItemProxy */ = {
			isa = PBXContainerItemProxy;
			containerPortal = DFB4DB4E22397A49007DB426 /* Project object */;
			proxyType = 1;
			remoteGlobalIDString = DFB4DB8B223997A4007DB426;
			remoteInfo = SampleCore;
		};
		DFB4DB9F223997A5007DB426 /* PBXContainerItemProxy */ = {
			isa = PBXContainerItemProxy;
			containerPortal = DFB4DB4E22397A49007DB426 /* Project object */;
			proxyType = 1;
			remoteGlobalIDString = DFB4DB8B223997A4007DB426;
			remoteInfo = SampleCore;
		};
		DFB4DBB9223997E6007DB426 /* PBXContainerItemProxy */ = {
			isa = PBXContainerItemProxy;
			containerPortal = DFB4DB4E22397A49007DB426 /* Project object */;
			proxyType = 1;
			remoteGlobalIDString = DFB4DBAE223997E5007DB426;
			remoteInfo = SampleUI;
		};
		DFB4DBC2223997E6007DB426 /* PBXContainerItemProxy */ = {
			isa = PBXContainerItemProxy;
			containerPortal = DFB4DB4E22397A49007DB426 /* Project object */;
			proxyType = 1;
			remoteGlobalIDString = DFB4DBAE223997E5007DB426;
			remoteInfo = SampleUI;
		};
		DFB4DBCC22399815007DB426 /* PBXContainerItemProxy */ = {
			isa = PBXContainerItemProxy;
			containerPortal = DFB4DB4E22397A49007DB426 /* Project object */;
			proxyType = 1;
			remoteGlobalIDString = DFB4DB8B223997A4007DB426;
			remoteInfo = SampleCore;
		};
/* End PBXContainerItemProxy section */

/* Begin PBXCopyFilesBuildPhase section */
		DFB4DBA8223997A5007DB426 /* Embed Frameworks */ = {
			isa = PBXCopyFilesBuildPhase;
			buildActionMask = 2147483647;
			dstPath = "";
			dstSubfolderSpec = 10;
			files = (
				DFB4DBC5223997E6007DB426 /* SampleUI.framework in Embed Frameworks */,
				DFB4DBA2223997A5007DB426 /* SampleCore.framework in Embed Frameworks */,
			);
			name = "Embed Frameworks";
			runOnlyForDeploymentPostprocessing = 0;
		};
/* End PBXCopyFilesBuildPhase section */

/* Begin PBXFileReference section */
		DF1507532248D3EA009D0B98 /* README.md */ = {isa = PBXFileReference; lastKnownFileType = net.daringfireball.markdown; path = README.md; sourceTree = "<group>"; };
		DF4ACD4E224C158900984A77 /* View.xib */ = {isa = PBXFileReference; lastKnownFileType = file.xib; path = View.xib; sourceTree = "<group>"; };
		DF4ACD53224C17D300984A77 /* en */ = {isa = PBXFileReference; lastKnownFileType = text.plist.strings; name = en; path = en.lproj/Localizable.strings; sourceTree = "<group>"; };
		DF4ACD55224C17E700984A77 /* fr */ = {isa = PBXFileReference; lastKnownFileType = text.plist.strings; name = fr; path = fr.lproj/Localizable.strings; sourceTree = "<group>"; };
		DF4ACD62224CC3E900984A77 /* en */ = {isa = PBXFileReference; lastKnownFileType = text.plist.strings; name = en; path = en.lproj/Core.strings; sourceTree = "<group>"; };
		DF4ACD64224CC3EA00984A77 /* fr */ = {isa = PBXFileReference; lastKnownFileType = text.plist.strings; name = fr; path = fr.lproj/Core.strings; sourceTree = "<group>"; };
		DF4ACD65224D1E4800984A77 /* InsideRelativeToProject.swift */ = {isa = PBXFileReference; fileEncoding = 4; lastKnownFileType = sourcecode.swift; path = InsideRelativeToProject.swift; sourceTree = "<group>"; };
		DF85324E224BCC9600792A18 /* LICENCE.md */ = {isa = PBXFileReference; lastKnownFileType = net.daringfireball.markdown; path = LICENCE.md; sourceTree = SOURCE_ROOT; };
		DFAC5E7A22401710002C424B /* SampleCore.swift */ = {isa = PBXFileReference; lastKnownFileType = sourcecode.swift; path = SampleCore.swift; sourceTree = "<group>"; };
		DFAC5E7D22401BFA002C424B /* InsideNormal.swift */ = {isa = PBXFileReference; fileEncoding = 4; lastKnownFileType = sourcecode.swift; path = InsideNormal.swift; sourceTree = "<group>"; };
		DFAC5E7F22401C11002C424B /* Ghost.swift */ = {isa = PBXFileReference; fileEncoding = 4; lastKnownFileType = sourcecode.swift; name = Ghost.swift; path = GhostFolder/Ghost.swift; sourceTree = "<group>"; };
		DFAC5E8422401DC9002C424B /* InsideRelativeToProjectWithoutFolder.swift */ = {isa = PBXFileReference; lastKnownFileType = sourcecode.swift; path = InsideRelativeToProjectWithoutFolder.swift; sourceTree = "<group>"; };
		DFAC5E9022411F9F002C424B /* en */ = {isa = PBXFileReference; lastKnownFileType = text.plist.strings; name = en; path = en.lproj/LaunchScreen.strings; sourceTree = "<group>"; };
		DFAC5E9222413D89002C424B /* en */ = {isa = PBXFileReference; lastKnownFileType = text.plist.strings; name = en; path = en.lproj/Main.strings; sourceTree = "<group>"; };
		DFB4DB5622397A49007DB426 /* SampleiOSApp.app */ = {isa = PBXFileReference; explicitFileType = wrapper.application; includeInIndex = 0; path = SampleiOSApp.app; sourceTree = BUILT_PRODUCTS_DIR; };
		DFB4DB5922397A49007DB426 /* AppDelegate.swift */ = {isa = PBXFileReference; lastKnownFileType = sourcecode.swift; path = AppDelegate.swift; sourceTree = "<group>"; };
		DFB4DB5B22397A49007DB426 /* ViewController.swift */ = {isa = PBXFileReference; lastKnownFileType = sourcecode.swift; path = ViewController.swift; sourceTree = "<group>"; };
		DFB4DB5E22397A49007DB426 /* Base */ = {isa = PBXFileReference; lastKnownFileType = file.storyboard; name = Base; path = Base.lproj/Main.storyboard; sourceTree = "<group>"; };
		DFB4DB6022397A4A007DB426 /* Assets.xcassets */ = {isa = PBXFileReference; lastKnownFileType = folder.assetcatalog; path = Assets.xcassets; sourceTree = "<group>"; };
		DFB4DB6322397A4A007DB426 /* Base */ = {isa = PBXFileReference; lastKnownFileType = file.storyboard; name = Base; path = Base.lproj/LaunchScreen.storyboard; sourceTree = "<group>"; };
		DFB4DB6522397A4A007DB426 /* Info.plist */ = {isa = PBXFileReference; lastKnownFileType = text.plist.xml; path = Info.plist; sourceTree = "<group>"; };
		DFB4DB6A22397A4A007DB426 /* SampleiOSAppTests.xctest */ = {isa = PBXFileReference; explicitFileType = wrapper.cfbundle; includeInIndex = 0; path = SampleiOSAppTests.xctest; sourceTree = BUILT_PRODUCTS_DIR; };
		DFB4DB6E22397A4A007DB426 /* SampleiOSAppTests.swift */ = {isa = PBXFileReference; lastKnownFileType = sourcecode.swift; path = SampleiOSAppTests.swift; sourceTree = "<group>"; };
		DFB4DB7022397A4A007DB426 /* Info.plist */ = {isa = PBXFileReference; lastKnownFileType = text.plist.xml; path = Info.plist; sourceTree = "<group>"; };
		DFB4DB7522397A4A007DB426 /* SampleiOSAppUITests.xctest */ = {isa = PBXFileReference; explicitFileType = wrapper.cfbundle; includeInIndex = 0; path = SampleiOSAppUITests.xctest; sourceTree = BUILT_PRODUCTS_DIR; };
		DFB4DB7922397A4A007DB426 /* SampleiOSAppUITests.swift */ = {isa = PBXFileReference; lastKnownFileType = sourcecode.swift; path = SampleiOSAppUITests.swift; sourceTree = "<group>"; };
		DFB4DB7B22397A4A007DB426 /* Info.plist */ = {isa = PBXFileReference; lastKnownFileType = text.plist.xml; path = Info.plist; sourceTree = "<group>"; };
		DFB4DB8C223997A4007DB426 /* SampleCore.framework */ = {isa = PBXFileReference; explicitFileType = wrapper.framework; includeInIndex = 0; path = SampleCore.framework; sourceTree = BUILT_PRODUCTS_DIR; };
		DFB4DB8E223997A4007DB426 /* SampleCore.h */ = {isa = PBXFileReference; lastKnownFileType = sourcecode.c.h; path = SampleCore.h; sourceTree = "<group>"; };
		DFB4DB8F223997A4007DB426 /* Info.plist */ = {isa = PBXFileReference; lastKnownFileType = text.plist.xml; path = Info.plist; sourceTree = "<group>"; };
		DFB4DB94223997A4007DB426 /* SampleCoreTests.xctest */ = {isa = PBXFileReference; explicitFileType = wrapper.cfbundle; includeInIndex = 0; path = SampleCoreTests.xctest; sourceTree = BUILT_PRODUCTS_DIR; };
		DFB4DB9B223997A4007DB426 /* SampleCoreTests.swift */ = {isa = PBXFileReference; lastKnownFileType = sourcecode.swift; path = SampleCoreTests.swift; sourceTree = "<group>"; };
		DFB4DB9D223997A4007DB426 /* Info.plist */ = {isa = PBXFileReference; lastKnownFileType = text.plist.xml; path = Info.plist; sourceTree = "<group>"; };
		DFB4DBAF223997E5007DB426 /* SampleUI.framework */ = {isa = PBXFileReference; explicitFileType = wrapper.framework; includeInIndex = 0; path = SampleUI.framework; sourceTree = BUILT_PRODUCTS_DIR; };
		DFB4DBB1223997E6007DB426 /* SampleUI.h */ = {isa = PBXFileReference; lastKnownFileType = sourcecode.c.h; path = SampleUI.h; sourceTree = "<group>"; };
		DFB4DBB2223997E6007DB426 /* Info.plist */ = {isa = PBXFileReference; lastKnownFileType = text.plist.xml; path = Info.plist; sourceTree = "<group>"; };
		DFB4DBB7223997E6007DB426 /* SampleUITests.xctest */ = {isa = PBXFileReference; explicitFileType = wrapper.cfbundle; includeInIndex = 0; path = SampleUITests.xctest; sourceTree = BUILT_PRODUCTS_DIR; };
		DFB4DBBE223997E6007DB426 /* SampleUITests.swift */ = {isa = PBXFileReference; lastKnownFileType = sourcecode.swift; path = SampleUITests.swift; sourceTree = "<group>"; };
		DFB4DBC0223997E6007DB426 /* Info.plist */ = {isa = PBXFileReference; lastKnownFileType = text.plist.xml; path = Info.plist; sourceTree = "<group>"; };
/* End PBXFileReference section */

/* Begin PBXFrameworksBuildPhase section */
		DFB4DB5322397A49007DB426 /* Frameworks */ = {
			isa = PBXFrameworksBuildPhase;
			buildActionMask = 2147483647;
			files = (
				DFB4DBC4223997E6007DB426 /* SampleUI.framework in Frameworks */,
				DFB4DBA1223997A5007DB426 /* SampleCore.framework in Frameworks */,
			);
			runOnlyForDeploymentPostprocessing = 0;
		};
		DFB4DB6722397A4A007DB426 /* Frameworks */ = {
			isa = PBXFrameworksBuildPhase;
			buildActionMask = 2147483647;
			files = (
			);
			runOnlyForDeploymentPostprocessing = 0;
		};
		DFB4DB7222397A4A007DB426 /* Frameworks */ = {
			isa = PBXFrameworksBuildPhase;
			buildActionMask = 2147483647;
			files = (
			);
			runOnlyForDeploymentPostprocessing = 0;
		};
		DFB4DB89223997A4007DB426 /* Frameworks */ = {
			isa = PBXFrameworksBuildPhase;
			buildActionMask = 2147483647;
			files = (
			);
			runOnlyForDeploymentPostprocessing = 0;
		};
		DFB4DB91223997A4007DB426 /* Frameworks */ = {
			isa = PBXFrameworksBuildPhase;
			buildActionMask = 2147483647;
			files = (
				DFB4DB95223997A4007DB426 /* SampleCore.framework in Frameworks */,
			);
			runOnlyForDeploymentPostprocessing = 0;
		};
		DFB4DBAC223997E5007DB426 /* Frameworks */ = {
			isa = PBXFrameworksBuildPhase;
			buildActionMask = 2147483647;
			files = (
				DF4ACD6A224E2C2300984A77 /* SampleCore.framework in Frameworks */,
			);
			runOnlyForDeploymentPostprocessing = 0;
		};
		DFB4DBB4223997E6007DB426 /* Frameworks */ = {
			isa = PBXFrameworksBuildPhase;
			buildActionMask = 2147483647;
			files = (
				DFB4DBB8223997E6007DB426 /* SampleUI.framework in Frameworks */,
			);
			runOnlyForDeploymentPostprocessing = 0;
		};
/* End PBXFrameworksBuildPhase section */

/* Begin PBXGroup section */
		DF1507522248C5A1009D0B98 /* GrandChildGroup */ = {
			isa = PBXGroup;
			children = (
			);
			path = GrandChildGroup;
			sourceTree = "<group>";
		};
		DF4ACD56224C1B8800984A77 /* Empty */ = {
			isa = PBXGroup;
			children = (
			);
			path = Empty;
			sourceTree = "<group>";
		};
		DF4ACD5A224CB4F500984A77 /* WithoutFolder */ = {
			isa = PBXGroup;
			children = (
			);
			name = WithoutFolder;
			sourceTree = "<group>";
		};
		DF4ACD5E224CC3C300984A77 /* OnlyLocalizedFiles */ = {
			isa = PBXGroup;
			children = (
				DF4ACD63224CC3E900984A77 /* Core.strings */,
			);
			path = OnlyLocalizedFiles;
			sourceTree = "<group>";
		};
		DF4ACD69224E2C2300984A77 /* Frameworks */ = {
			isa = PBXGroup;
			children = (
			);
			name = Frameworks;
			sourceTree = "<group>";
		};
		DFAC5E7C22401BFA002C424B /* Normal */ = {
			isa = PBXGroup;
			children = (
				DF1507522248C5A1009D0B98 /* GrandChildGroup */,
				DFAC5E7D22401BFA002C424B /* InsideNormal.swift */,
			);
			path = Normal;
			sourceTree = "<group>";
		};
		DFAC5E8322401DB4002C424B /* RelativeToProjectWithoutFolder */ = {
			isa = PBXGroup;
			children = (
				DFAC5E8422401DC9002C424B /* InsideRelativeToProjectWithoutFolder.swift */,
			);
			name = RelativeToProjectWithoutFolder;
			path = SampleCore;
			sourceTree = SOURCE_ROOT;
		};
		DFAC5E8C224035F8002C424B /* RelativeToProject */ = {
			isa = PBXGroup;
			children = (
				DF4ACD65224D1E4800984A77 /* InsideRelativeToProject.swift */,
			);
			name = RelativeToProject;
			path = SampleCore/RelativeToProject;
			sourceTree = SOURCE_ROOT;
		};
		DFB4DB4D22397A49007DB426 = {
			isa = PBXGroup;
			children = (
				DF1507532248D3EA009D0B98 /* README.md */,
				DF85324E224BCC9600792A18 /* LICENCE.md */,
				DFB4DB8D223997A4007DB426 /* SampleCore */,
				DFB4DB9A223997A4007DB426 /* SampleCoreTests */,
				DFB4DBB0223997E6007DB426 /* SampleUI */,
				DFB4DBBD223997E6007DB426 /* SampleUITests */,
				DFB4DB5822397A49007DB426 /* SampleiOSApp */,
				DFB4DB6D22397A4A007DB426 /* SampleiOSAppTests */,
				DFB4DB7822397A4A007DB426 /* SampleiOSAppUITests */,
				DFB4DB5722397A49007DB426 /* Products */,
				DF4ACD69224E2C2300984A77 /* Frameworks */,
			);
			sourceTree = "<group>";
		};
		DFB4DB5722397A49007DB426 /* Products */ = {
			isa = PBXGroup;
			children = (
				DFB4DB5622397A49007DB426 /* SampleiOSApp.app */,
				DFB4DB6A22397A4A007DB426 /* SampleiOSAppTests.xctest */,
				DFB4DB7522397A4A007DB426 /* SampleiOSAppUITests.xctest */,
				DFB4DB8C223997A4007DB426 /* SampleCore.framework */,
				DFB4DB94223997A4007DB426 /* SampleCoreTests.xctest */,
				DFB4DBAF223997E5007DB426 /* SampleUI.framework */,
				DFB4DBB7223997E6007DB426 /* SampleUITests.xctest */,
			);
			name = Products;
			sourceTree = "<group>";
		};
		DFB4DB5822397A49007DB426 /* SampleiOSApp */ = {
			isa = PBXGroup;
			children = (
				DFB4DB5922397A49007DB426 /* AppDelegate.swift */,
				DFB4DB5B22397A49007DB426 /* ViewController.swift */,
				DFB4DB5D22397A49007DB426 /* Main.storyboard */,
				DFB4DB6022397A4A007DB426 /* Assets.xcassets */,
				DFB4DB6222397A4A007DB426 /* LaunchScreen.storyboard */,
				DFB4DB6522397A4A007DB426 /* Info.plist */,
				DF4ACD4E224C158900984A77 /* View.xib */,
				DF4ACD54224C17D300984A77 /* Localizable.strings */,
			);
			path = SampleiOSApp;
			sourceTree = "<group>";
		};
		DFB4DB6D22397A4A007DB426 /* SampleiOSAppTests */ = {
			isa = PBXGroup;
			children = (
				DFB4DB6E22397A4A007DB426 /* SampleiOSAppTests.swift */,
				DFB4DB7022397A4A007DB426 /* Info.plist */,
			);
			path = SampleiOSAppTests;
			sourceTree = "<group>";
		};
		DFB4DB7822397A4A007DB426 /* SampleiOSAppUITests */ = {
			isa = PBXGroup;
			children = (
				DFB4DB7922397A4A007DB426 /* SampleiOSAppUITests.swift */,
				DFB4DB7B22397A4A007DB426 /* Info.plist */,
			);
			path = SampleiOSAppUITests;
			sourceTree = "<group>";
		};
		DFB4DB8D223997A4007DB426 /* SampleCore */ = {
			isa = PBXGroup;
			children = (
				DF4ACD56224C1B8800984A77 /* Empty */,
				DF4ACD5E224CC3C300984A77 /* OnlyLocalizedFiles */,
				DF4ACD5A224CB4F500984A77 /* WithoutFolder */,
				DFAC5E8C224035F8002C424B /* RelativeToProject */,
				DFAC5E8322401DB4002C424B /* RelativeToProjectWithoutFolder */,
				DFAC5E7C22401BFA002C424B /* Normal */,
				DFB4DB8E223997A4007DB426 /* SampleCore.h */,
				DFB4DB8F223997A4007DB426 /* Info.plist */,
				DFAC5E7A22401710002C424B /* SampleCore.swift */,
				DFAC5E7F22401C11002C424B /* Ghost.swift */,
			);
			path = SampleCore;
			sourceTree = "<group>";
		};
		DFB4DB9A223997A4007DB426 /* SampleCoreTests */ = {
			isa = PBXGroup;
			children = (
				DFB4DB9B223997A4007DB426 /* SampleCoreTests.swift */,
				DFB4DB9D223997A4007DB426 /* Info.plist */,
			);
			path = SampleCoreTests;
			sourceTree = "<group>";
		};
		DFB4DBB0223997E6007DB426 /* SampleUI */ = {
			isa = PBXGroup;
			children = (
				DFB4DBB1223997E6007DB426 /* SampleUI.h */,
				DFB4DBB2223997E6007DB426 /* Info.plist */,
			);
			path = SampleUI;
			sourceTree = "<group>";
		};
		DFB4DBBD223997E6007DB426 /* SampleUITests */ = {
			isa = PBXGroup;
			children = (
				DFB4DBBE223997E6007DB426 /* SampleUITests.swift */,
				DFB4DBC0223997E6007DB426 /* Info.plist */,
			);
			path = SampleUITests;
			sourceTree = "<group>";
		};
/* End PBXGroup section */

/* Begin PBXHeadersBuildPhase section */
		DFB4DB87223997A4007DB426 /* Headers */ = {
			isa = PBXHeadersBuildPhase;
			buildActionMask = 2147483647;
			files = (
				DF4ACD67224E1C2F00984A77 /* SampleCore.h in Headers */,
			);
			runOnlyForDeploymentPostprocessing = 0;
		};
		DFB4DBAA223997E5007DB426 /* Headers */ = {
			isa = PBXHeadersBuildPhase;
			buildActionMask = 2147483647;
			files = (
				DFB4DBC1223997E6007DB426 /* SampleUI.h in Headers */,
			);
			runOnlyForDeploymentPostprocessing = 0;
		};
/* End PBXHeadersBuildPhase section */

/* Begin PBXNativeTarget section */
		DFB4DB5522397A49007DB426 /* SampleiOSApp */ = {
			isa = PBXNativeTarget;
			buildConfigurationList = DFB4DB7E22397A4A007DB426 /* Build configuration list for PBXNativeTarget "SampleiOSApp" */;
			buildPhases = (
				DFB4DB5222397A49007DB426 /* Sources */,
				DFB4DB5322397A49007DB426 /* Frameworks */,
				DFB4DB5422397A49007DB426 /* Resources */,
				DFB4DBA8223997A5007DB426 /* Embed Frameworks */,
			);
			buildRules = (
			);
			dependencies = (
				DFB4DBA0223997A5007DB426 /* PBXTargetDependency */,
				DFB4DBC3223997E6007DB426 /* PBXTargetDependency */,
			);
			name = SampleiOSApp;
			productName = SampleiOSApp;
			productReference = DFB4DB5622397A49007DB426 /* SampleiOSApp.app */;
			productType = "com.apple.product-type.application";
		};
		DFB4DB6922397A4A007DB426 /* SampleiOSAppTests */ = {
			isa = PBXNativeTarget;
			buildConfigurationList = DFB4DB8122397A4A007DB426 /* Build configuration list for PBXNativeTarget "SampleiOSAppTests" */;
			buildPhases = (
				DFB4DB6622397A4A007DB426 /* Sources */,
				DFB4DB6722397A4A007DB426 /* Frameworks */,
				DFB4DB6822397A4A007DB426 /* Resources */,
			);
			buildRules = (
			);
			dependencies = (
				DFB4DB6C22397A4A007DB426 /* PBXTargetDependency */,
			);
			name = SampleiOSAppTests;
			productName = SampleiOSAppTests;
			productReference = DFB4DB6A22397A4A007DB426 /* SampleiOSAppTests.xctest */;
			productType = "com.apple.product-type.bundle.unit-test";
		};
		DFB4DB7422397A4A007DB426 /* SampleiOSAppUITests */ = {
			isa = PBXNativeTarget;
			buildConfigurationList = DFB4DB8422397A4A007DB426 /* Build configuration list for PBXNativeTarget "SampleiOSAppUITests" */;
			buildPhases = (
				DFB4DB7122397A4A007DB426 /* Sources */,
				DFB4DB7222397A4A007DB426 /* Frameworks */,
				DFB4DB7322397A4A007DB426 /* Resources */,
			);
			buildRules = (
			);
			dependencies = (
				DFB4DB7722397A4A007DB426 /* PBXTargetDependency */,
			);
			name = SampleiOSAppUITests;
			productName = SampleiOSAppUITests;
			productReference = DFB4DB7522397A4A007DB426 /* SampleiOSAppUITests.xctest */;
			productType = "com.apple.product-type.bundle.ui-testing";
		};
		DFB4DB8B223997A4007DB426 /* SampleCore */ = {
			isa = PBXNativeTarget;
			buildConfigurationList = DFB4DBA7223997A5007DB426 /* Build configuration list for PBXNativeTarget "SampleCore" */;
			buildPhases = (
				DFB4DB87223997A4007DB426 /* Headers */,
				DFB4DB88223997A4007DB426 /* Sources */,
				DFB4DB89223997A4007DB426 /* Frameworks */,
				DFB4DB8A223997A4007DB426 /* Resources */,
			);
			buildRules = (
			);
			dependencies = (
			);
			name = SampleCore;
			productName = SampleCore;
			productReference = DFB4DB8C223997A4007DB426 /* SampleCore.framework */;
			productType = "com.apple.product-type.framework";
		};
		DFB4DB93223997A4007DB426 /* SampleCoreTests */ = {
			isa = PBXNativeTarget;
			buildConfigurationList = DFB4DBA9223997A5007DB426 /* Build configuration list for PBXNativeTarget "SampleCoreTests" */;
			buildPhases = (
				DFB4DB90223997A4007DB426 /* Sources */,
				DFB4DB91223997A4007DB426 /* Frameworks */,
				DFB4DB92223997A4007DB426 /* Resources */,
			);
			buildRules = (
			);
			dependencies = (
				DFB4DB97223997A4007DB426 /* PBXTargetDependency */,
			);
			name = SampleCoreTests;
			productName = SampleCoreTests;
			productReference = DFB4DB94223997A4007DB426 /* SampleCoreTests.xctest */;
			productType = "com.apple.product-type.bundle.unit-test";
		};
		DFB4DBAE223997E5007DB426 /* SampleUI */ = {
			isa = PBXNativeTarget;
			buildConfigurationList = DFB4DBC6223997E6007DB426 /* Build configuration list for PBXNativeTarget "SampleUI" */;
			buildPhases = (
				DFB4DBAA223997E5007DB426 /* Headers */,
				DFB4DBAB223997E5007DB426 /* Sources */,
				DFB4DBAC223997E5007DB426 /* Frameworks */,
				DFB4DBAD223997E5007DB426 /* Resources */,
			);
			buildRules = (
			);
			dependencies = (
				DFB4DBCD22399815007DB426 /* PBXTargetDependency */,
			);
			name = SampleUI;
			productName = SampleUI;
			productReference = DFB4DBAF223997E5007DB426 /* SampleUI.framework */;
			productType = "com.apple.product-type.framework";
		};
		DFB4DBB6223997E6007DB426 /* SampleUITests */ = {
			isa = PBXNativeTarget;
			buildConfigurationList = DFB4DBC9223997E6007DB426 /* Build configuration list for PBXNativeTarget "SampleUITests" */;
			buildPhases = (
				DFB4DBB3223997E6007DB426 /* Sources */,
				DFB4DBB4223997E6007DB426 /* Frameworks */,
				DFB4DBB5223997E6007DB426 /* Resources */,
			);
			buildRules = (
			);
			dependencies = (
				DFB4DBBA223997E6007DB426 /* PBXTargetDependency */,
			);
			name = SampleUITests;
			productName = SampleUITests;
			productReference = DFB4DBB7223997E6007DB426 /* SampleUITests.xctest */;
			productType = "com.apple.product-type.bundle.unit-test";
		};
/* End PBXNativeTarget section */

/* Begin PBXProject section */
		DFB4DB4E22397A49007DB426 /* Project object */ = {
			isa = PBXProject;
			attributes = {
				LastSwiftUpdateCheck = 1010;
				LastUpgradeCheck = 1010;
				ORGANIZATIONNAME = "E-Voyageurs Technologies";
				TargetAttributes = {
					DFB4DB5522397A49007DB426 = {
						CreatedOnToolsVersion = 10.1;
					};
					DFB4DB6922397A4A007DB426 = {
						CreatedOnToolsVersion = 10.1;
						TestTargetID = DFB4DB5522397A49007DB426;
					};
					DFB4DB7422397A4A007DB426 = {
						CreatedOnToolsVersion = 10.1;
						TestTargetID = DFB4DB5522397A49007DB426;
					};
					DFB4DB8B223997A4007DB426 = {
						CreatedOnToolsVersion = 10.1;
						LastSwiftMigration = 1010;
					};
					DFB4DB93223997A4007DB426 = {
						CreatedOnToolsVersion = 10.1;
					};
					DFB4DBAE223997E5007DB426 = {
						CreatedOnToolsVersion = 10.1;
					};
					DFB4DBB6223997E6007DB426 = {
						CreatedOnToolsVersion = 10.1;
					};
				};
			};
			buildConfigurationList = DFB4DB5122397A49007DB426 /* Build configuration list for PBXProject "SampleiOSApp" */;
			compatibilityVersion = "Xcode 9.3";
			developmentRegion = en;
			hasScannedForEncodings = 0;
			knownRegions = (
				en,
				Base,
				fr,
			);
			mainGroup = DFB4DB4D22397A49007DB426;
			productRefGroup = DFB4DB5722397A49007DB426 /* Products */;
			projectDirPath = "";
			projectRoot = "";
			targets = (
				DFB4DB5522397A49007DB426 /* SampleiOSApp */,
				DFB4DB6922397A4A007DB426 /* SampleiOSAppTests */,
				DFB4DB7422397A4A007DB426 /* SampleiOSAppUITests */,
				DFB4DB8B223997A4007DB426 /* SampleCore */,
				DFB4DB93223997A4007DB426 /* SampleCoreTests */,
				DFB4DBAE223997E5007DB426 /* SampleUI */,
				DFB4DBB6223997E6007DB426 /* SampleUITests */,
			);
		};
/* End PBXProject section */

/* Begin PBXResourcesBuildPhase section */
		DFB4DB5422397A49007DB426 /* Resources */ = {
			isa = PBXResourcesBuildPhase;
			buildActionMask = 2147483647;
			files = (
				DF4ACD52224C17D300984A77 /* Localizable.strings in Resources */,
				DF4ACD4F224C158900984A77 /* View.xib in Resources */,
				DFB4DB6422397A4A007DB426 /* LaunchScreen.storyboard in Resources */,
				DFB4DB6122397A4A007DB426 /* Assets.xcassets in Resources */,
				DFB4DB5F22397A49007DB426 /* Main.storyboard in Resources */,
			);
			runOnlyForDeploymentPostprocessing = 0;
		};
		DFB4DB6822397A4A007DB426 /* Resources */ = {
			isa = PBXResourcesBuildPhase;
			buildActionMask = 2147483647;
			files = (
			);
			runOnlyForDeploymentPostprocessing = 0;
		};
		DFB4DB7322397A4A007DB426 /* Resources */ = {
			isa = PBXResourcesBuildPhase;
			buildActionMask = 2147483647;
			files = (
			);
			runOnlyForDeploymentPostprocessing = 0;
		};
		DFB4DB8A223997A4007DB426 /* Resources */ = {
			isa = PBXResourcesBuildPhase;
			buildActionMask = 2147483647;
			files = (
				DF4ACD68224E236D00984A77 /* LICENCE.md in Resources */,
				DF4ACD61224CC3E900984A77 /* Core.strings in Resources */,
			);
			runOnlyForDeploymentPostprocessing = 0;
		};
		DFB4DB92223997A4007DB426 /* Resources */ = {
			isa = PBXResourcesBuildPhase;
			buildActionMask = 2147483647;
			files = (
			);
			runOnlyForDeploymentPostprocessing = 0;
		};
		DFB4DBAD223997E5007DB426 /* Resources */ = {
			isa = PBXResourcesBuildPhase;
			buildActionMask = 2147483647;
			files = (
			);
			runOnlyForDeploymentPostprocessing = 0;
		};
		DFB4DBB5223997E6007DB426 /* Resources */ = {
			isa = PBXResourcesBuildPhase;
			buildActionMask = 2147483647;
			files = (
			);
			runOnlyForDeploymentPostprocessing = 0;
		};
/* End PBXResourcesBuildPhase section */

/* Begin PBXSourcesBuildPhase section */
		DFB4DB5222397A49007DB426 /* Sources */ = {
			isa = PBXSourcesBuildPhase;
			buildActionMask = 2147483647;
			files = (
				DFB4DB5C22397A49007DB426 /* ViewController.swift in Sources */,
				DFB4DB5A22397A49007DB426 /* AppDelegate.swift in Sources */,
			);
			runOnlyForDeploymentPostprocessing = 0;
		};
		DFB4DB6622397A4A007DB426 /* Sources */ = {
			isa = PBXSourcesBuildPhase;
			buildActionMask = 2147483647;
			files = (
				DFB4DB6F22397A4A007DB426 /* SampleiOSAppTests.swift in Sources */,
			);
			runOnlyForDeploymentPostprocessing = 0;
		};
		DFB4DB7122397A4A007DB426 /* Sources */ = {
			isa = PBXSourcesBuildPhase;
			buildActionMask = 2147483647;
			files = (
				DFB4DB7A22397A4A007DB426 /* SampleiOSAppUITests.swift in Sources */,
			);
			runOnlyForDeploymentPostprocessing = 0;
		};
		DFB4DB88223997A4007DB426 /* Sources */ = {
			isa = PBXSourcesBuildPhase;
			buildActionMask = 2147483647;
			files = (
				DFAC5E7B22401710002C424B /* SampleCore.swift in Sources */,
				DFAC5E8022401C11002C424B /* Ghost.swift in Sources */,
				DF4ACD66224D1E4800984A77 /* InsideRelativeToProject.swift in Sources */,
				DFAC5E7E22401BFA002C424B /* InsideNormal.swift in Sources */,
				DFAC5E8522401DC9002C424B /* InsideRelativeToProjectWithoutFolder.swift in Sources */,
			);
			runOnlyForDeploymentPostprocessing = 0;
		};
		DFB4DB90223997A4007DB426 /* Sources */ = {
			isa = PBXSourcesBuildPhase;
			buildActionMask = 2147483647;
			files = (
				DFB4DB9C223997A4007DB426 /* SampleCoreTests.swift in Sources */,
			);
			runOnlyForDeploymentPostprocessing = 0;
		};
		DFB4DBAB223997E5007DB426 /* Sources */ = {
			isa = PBXSourcesBuildPhase;
			buildActionMask = 2147483647;
			files = (
			);
			runOnlyForDeploymentPostprocessing = 0;
		};
		DFB4DBB3223997E6007DB426 /* Sources */ = {
			isa = PBXSourcesBuildPhase;
			buildActionMask = 2147483647;
			files = (
				DFB4DBBF223997E6007DB426 /* SampleUITests.swift in Sources */,
			);
			runOnlyForDeploymentPostprocessing = 0;
		};
/* End PBXSourcesBuildPhase section */

/* Begin PBXTargetDependency section */
		DFB4DB6C22397A4A007DB426 /* PBXTargetDependency */ = {
			isa = PBXTargetDependency;
			target = DFB4DB5522397A49007DB426 /* SampleiOSApp */;
			targetProxy = DFB4DB6B22397A4A007DB426 /* PBXContainerItemProxy */;
		};
		DFB4DB7722397A4A007DB426 /* PBXTargetDependency */ = {
			isa = PBXTargetDependency;
			target = DFB4DB5522397A49007DB426 /* SampleiOSApp */;
			targetProxy = DFB4DB7622397A4A007DB426 /* PBXContainerItemProxy */;
		};
		DFB4DB97223997A4007DB426 /* PBXTargetDependency */ = {
			isa = PBXTargetDependency;
			target = DFB4DB8B223997A4007DB426 /* SampleCore */;
			targetProxy = DFB4DB96223997A4007DB426 /* PBXContainerItemProxy */;
		};
		DFB4DBA0223997A5007DB426 /* PBXTargetDependency */ = {
			isa = PBXTargetDependency;
			target = DFB4DB8B223997A4007DB426 /* SampleCore */;
			targetProxy = DFB4DB9F223997A5007DB426 /* PBXContainerItemProxy */;
		};
		DFB4DBBA223997E6007DB426 /* PBXTargetDependency */ = {
			isa = PBXTargetDependency;
			target = DFB4DBAE223997E5007DB426 /* SampleUI */;
			targetProxy = DFB4DBB9223997E6007DB426 /* PBXContainerItemProxy */;
		};
		DFB4DBC3223997E6007DB426 /* PBXTargetDependency */ = {
			isa = PBXTargetDependency;
			target = DFB4DBAE223997E5007DB426 /* SampleUI */;
			targetProxy = DFB4DBC2223997E6007DB426 /* PBXContainerItemProxy */;
		};
		DFB4DBCD22399815007DB426 /* PBXTargetDependency */ = {
			isa = PBXTargetDependency;
			target = DFB4DB8B223997A4007DB426 /* SampleCore */;
			targetProxy = DFB4DBCC22399815007DB426 /* PBXContainerItemProxy */;
		};
/* End PBXTargetDependency section */

/* Begin PBXVariantGroup section */
		DF4ACD54224C17D300984A77 /* Localizable.strings */ = {
			isa = PBXVariantGroup;
			children = (
				DF4ACD53224C17D300984A77 /* en */,
				DF4ACD55224C17E700984A77 /* fr */,
			);
			name = Localizable.strings;
			sourceTree = "<group>";
		};
		DF4ACD63224CC3E900984A77 /* Core.strings */ = {
			isa = PBXVariantGroup;
			children = (
				DF4ACD62224CC3E900984A77 /* en */,
				DF4ACD64224CC3EA00984A77 /* fr */,
			);
			name = Core.strings;
			sourceTree = "<group>";
		};
		DFB4DB5D22397A49007DB426 /* Main.storyboard */ = {
			isa = PBXVariantGroup;
			children = (
				DFB4DB5E22397A49007DB426 /* Base */,
				DFAC5E9222413D89002C424B /* en */,
			);
			name = Main.storyboard;
			sourceTree = "<group>";
		};
		DFB4DB6222397A4A007DB426 /* LaunchScreen.storyboard */ = {
			isa = PBXVariantGroup;
			children = (
				DFB4DB6322397A4A007DB426 /* Base */,
				DFAC5E9022411F9F002C424B /* en */,
			);
			name = LaunchScreen.storyboard;
			sourceTree = "<group>";
		};
/* End PBXVariantGroup section */

/* Begin XCBuildConfiguration section */
		DFB4DB7C22397A4A007DB426 /* Debug */ = {
			isa = XCBuildConfiguration;
			buildSettings = {
				ALWAYS_SEARCH_USER_PATHS = NO;
				CLANG_ANALYZER_LOCALIZABILITY_NONLOCALIZED = YES;
				CLANG_ANALYZER_NONNULL = YES;
				CLANG_ANALYZER_NUMBER_OBJECT_CONVERSION = YES_AGGRESSIVE;
				CLANG_CXX_LANGUAGE_STANDARD = "gnu++14";
				CLANG_CXX_LIBRARY = "libc++";
				CLANG_ENABLE_MODULES = YES;
				CLANG_ENABLE_OBJC_ARC = YES;
				CLANG_ENABLE_OBJC_WEAK = YES;
				CLANG_WARN_BLOCK_CAPTURE_AUTORELEASING = YES;
				CLANG_WARN_BOOL_CONVERSION = YES;
				CLANG_WARN_COMMA = YES;
				CLANG_WARN_CONSTANT_CONVERSION = YES;
				CLANG_WARN_DEPRECATED_OBJC_IMPLEMENTATIONS = YES;
				CLANG_WARN_DIRECT_OBJC_ISA_USAGE = YES_ERROR;
				CLANG_WARN_DOCUMENTATION_COMMENTS = YES;
				CLANG_WARN_EMPTY_BODY = YES;
				CLANG_WARN_ENUM_CONVERSION = YES;
				CLANG_WARN_INFINITE_RECURSION = YES;
				CLANG_WARN_INT_CONVERSION = YES;
				CLANG_WARN_NON_LITERAL_NULL_CONVERSION = YES;
				CLANG_WARN_OBJC_IMPLICIT_RETAIN_SELF = YES;
				CLANG_WARN_OBJC_LITERAL_CONVERSION = YES;
				CLANG_WARN_OBJC_ROOT_CLASS = YES_ERROR;
				CLANG_WARN_RANGE_LOOP_ANALYSIS = YES;
				CLANG_WARN_STRICT_PROTOTYPES = YES;
				CLANG_WARN_SUSPICIOUS_MOVE = YES;
				CLANG_WARN_UNGUARDED_AVAILABILITY = YES_AGGRESSIVE;
				CLANG_WARN_UNREACHABLE_CODE = YES;
				CLANG_WARN__DUPLICATE_METHOD_MATCH = YES;
				CODE_SIGN_IDENTITY = "iPhone Developer";
				COPY_PHASE_STRIP = NO;
				DEBUG_INFORMATION_FORMAT = dwarf;
				ENABLE_STRICT_OBJC_MSGSEND = YES;
				ENABLE_TESTABILITY = YES;
				GCC_C_LANGUAGE_STANDARD = gnu11;
				GCC_DYNAMIC_NO_PIC = NO;
				GCC_NO_COMMON_BLOCKS = YES;
				GCC_OPTIMIZATION_LEVEL = 0;
				GCC_PREPROCESSOR_DEFINITIONS = (
					"DEBUG=1",
					"$(inherited)",
				);
				GCC_WARN_64_TO_32_BIT_CONVERSION = YES;
				GCC_WARN_ABOUT_RETURN_TYPE = YES_ERROR;
				GCC_WARN_UNDECLARED_SELECTOR = YES;
				GCC_WARN_UNINITIALIZED_AUTOS = YES_AGGRESSIVE;
				GCC_WARN_UNUSED_FUNCTION = YES;
				GCC_WARN_UNUSED_VARIABLE = YES;
				IPHONEOS_DEPLOYMENT_TARGET = 12.1;
				MTL_ENABLE_DEBUG_INFO = INCLUDE_SOURCE;
				MTL_FAST_MATH = YES;
				ONLY_ACTIVE_ARCH = YES;
				SDKROOT = iphoneos;
				SWIFT_ACTIVE_COMPILATION_CONDITIONS = DEBUG;
				SWIFT_OPTIMIZATION_LEVEL = "-Onone";
			};
			name = Debug;
		};
		DFB4DB7D22397A4A007DB426 /* Release */ = {
			isa = XCBuildConfiguration;
			buildSettings = {
				ALWAYS_SEARCH_USER_PATHS = NO;
				CLANG_ANALYZER_LOCALIZABILITY_NONLOCALIZED = YES;
				CLANG_ANALYZER_NONNULL = YES;
				CLANG_ANALYZER_NUMBER_OBJECT_CONVERSION = YES_AGGRESSIVE;
				CLANG_CXX_LANGUAGE_STANDARD = "gnu++14";
				CLANG_CXX_LIBRARY = "libc++";
				CLANG_ENABLE_MODULES = YES;
				CLANG_ENABLE_OBJC_ARC = YES;
				CLANG_ENABLE_OBJC_WEAK = YES;
				CLANG_WARN_BLOCK_CAPTURE_AUTORELEASING = YES;
				CLANG_WARN_BOOL_CONVERSION = YES;
				CLANG_WARN_COMMA = YES;
				CLANG_WARN_CONSTANT_CONVERSION = YES;
				CLANG_WARN_DEPRECATED_OBJC_IMPLEMENTATIONS = YES;
				CLANG_WARN_DIRECT_OBJC_ISA_USAGE = YES_ERROR;
				CLANG_WARN_DOCUMENTATION_COMMENTS = YES;
				CLANG_WARN_EMPTY_BODY = YES;
				CLANG_WARN_ENUM_CONVERSION = YES;
				CLANG_WARN_INFINITE_RECURSION = YES;
				CLANG_WARN_INT_CONVERSION = YES;
				CLANG_WARN_NON_LITERAL_NULL_CONVERSION = YES;
				CLANG_WARN_OBJC_IMPLICIT_RETAIN_SELF = YES;
				CLANG_WARN_OBJC_LITERAL_CONVERSION = YES;
				CLANG_WARN_OBJC_ROOT_CLASS = YES_ERROR;
				CLANG_WARN_RANGE_LOOP_ANALYSIS = YES;
				CLANG_WARN_STRICT_PROTOTYPES = YES;
				CLANG_WARN_SUSPICIOUS_MOVE = YES;
				CLANG_WARN_UNGUARDED_AVAILABILITY = YES_AGGRESSIVE;
				CLANG_WARN_UNREACHABLE_CODE = YES;
				CLANG_WARN__DUPLICATE_METHOD_MATCH = YES;
				CODE_SIGN_IDENTITY = "iPhone Developer";
				COPY_PHASE_STRIP = NO;
				DEBUG_INFORMATION_FORMAT = "dwarf-with-dsym";
				ENABLE_NS_ASSERTIONS = NO;
				ENABLE_STRICT_OBJC_MSGSEND = YES;
				GCC_C_LANGUAGE_STANDARD = gnu11;
				GCC_NO_COMMON_BLOCKS = YES;
				GCC_WARN_64_TO_32_BIT_CONVERSION = YES;
				GCC_WARN_ABOUT_RETURN_TYPE = YES_ERROR;
				GCC_WARN_UNDECLARED_SELECTOR = YES;
				GCC_WARN_UNINITIALIZED_AUTOS = YES_AGGRESSIVE;
				GCC_WARN_UNUSED_FUNCTION = YES;
				GCC_WARN_UNUSED_VARIABLE = YES;
				IPHONEOS_DEPLOYMENT_TARGET = 12.1;
				MTL_ENABLE_DEBUG_INFO = NO;
				MTL_FAST_MATH = YES;
				SDKROOT = iphoneos;
				SWIFT_COMPILATION_MODE = wholemodule;
				SWIFT_OPTIMIZATION_LEVEL = "-O";
				VALIDATE_PRODUCT = YES;
			};
			name = Release;
		};
		DFB4DB7F22397A4A007DB426 /* Debug */ = {
			isa = XCBuildConfiguration;
			buildSettings = {
				ALWAYS_EMBED_SWIFT_STANDARD_LIBRARIES = YES;
				ASSETCATALOG_COMPILER_APPICON_NAME = AppIcon;
				CODE_SIGN_STYLE = Automatic;
				DEVELOPMENT_TEAM = NQT2PRY5GX;
				INFOPLIST_FILE = SampleiOSApp/Info.plist;
				LD_RUNPATH_SEARCH_PATHS = (
					"$(inherited)",
					"@executable_path/Frameworks",
				);
				PRODUCT_BUNDLE_IDENTIFIER = com.vsct.SampleiOSApp;
				PRODUCT_NAME = "$(TARGET_NAME)";
				SWIFT_VERSION = 4.2;
				TARGETED_DEVICE_FAMILY = "1,2";
			};
			name = Debug;
		};
		DFB4DB8022397A4A007DB426 /* Release */ = {
			isa = XCBuildConfiguration;
			buildSettings = {
				ALWAYS_EMBED_SWIFT_STANDARD_LIBRARIES = YES;
				ASSETCATALOG_COMPILER_APPICON_NAME = AppIcon;
				CODE_SIGN_STYLE = Automatic;
				DEVELOPMENT_TEAM = NQT2PRY5GX;
				INFOPLIST_FILE = SampleiOSApp/Info.plist;
				LD_RUNPATH_SEARCH_PATHS = (
					"$(inherited)",
					"@executable_path/Frameworks",
				);
				PRODUCT_BUNDLE_IDENTIFIER = com.vsct.SampleiOSApp;
				PRODUCT_NAME = "$(TARGET_NAME)";
				SWIFT_VERSION = 4.2;
				TARGETED_DEVICE_FAMILY = "1,2";
			};
			name = Release;
		};
		DFB4DB8222397A4A007DB426 /* Debug */ = {
			isa = XCBuildConfiguration;
			buildSettings = {
				ALWAYS_EMBED_SWIFT_STANDARD_LIBRARIES = YES;
				BUNDLE_LOADER = "$(TEST_HOST)";
				CODE_SIGN_STYLE = Automatic;
				DEVELOPMENT_TEAM = NQT2PRY5GX;
				INFOPLIST_FILE = SampleiOSAppTests/Info.plist;
				LD_RUNPATH_SEARCH_PATHS = (
					"$(inherited)",
					"@executable_path/Frameworks",
					"@loader_path/Frameworks",
				);
				PRODUCT_BUNDLE_IDENTIFIER = com.vsct.SampleiOSAppTests;
				PRODUCT_NAME = "$(TARGET_NAME)";
				SWIFT_VERSION = 4.2;
				TARGETED_DEVICE_FAMILY = "1,2";
				TEST_HOST = "$(BUILT_PRODUCTS_DIR)/SampleiOSApp.app/SampleiOSApp";
			};
			name = Debug;
		};
		DFB4DB8322397A4A007DB426 /* Release */ = {
			isa = XCBuildConfiguration;
			buildSettings = {
				ALWAYS_EMBED_SWIFT_STANDARD_LIBRARIES = YES;
				BUNDLE_LOADER = "$(TEST_HOST)";
				CODE_SIGN_STYLE = Automatic;
				DEVELOPMENT_TEAM = NQT2PRY5GX;
				INFOPLIST_FILE = SampleiOSAppTests/Info.plist;
				LD_RUNPATH_SEARCH_PATHS = (
					"$(inherited)",
					"@executable_path/Frameworks",
					"@loader_path/Frameworks",
				);
				PRODUCT_BUNDLE_IDENTIFIER = com.vsct.SampleiOSAppTests;
				PRODUCT_NAME = "$(TARGET_NAME)";
				SWIFT_VERSION = 4.2;
				TARGETED_DEVICE_FAMILY = "1,2";
				TEST_HOST = "$(BUILT_PRODUCTS_DIR)/SampleiOSApp.app/SampleiOSApp";
			};
			name = Release;
		};
		DFB4DB8522397A4A007DB426 /* Debug */ = {
			isa = XCBuildConfiguration;
			buildSettings = {
				ALWAYS_EMBED_SWIFT_STANDARD_LIBRARIES = YES;
				CODE_SIGN_STYLE = Automatic;
				DEVELOPMENT_TEAM = NQT2PRY5GX;
				INFOPLIST_FILE = SampleiOSAppUITests/Info.plist;
				LD_RUNPATH_SEARCH_PATHS = (
					"$(inherited)",
					"@executable_path/Frameworks",
					"@loader_path/Frameworks",
				);
				PRODUCT_BUNDLE_IDENTIFIER = com.vsct.SampleiOSAppUITests;
				PRODUCT_NAME = "$(TARGET_NAME)";
				SWIFT_VERSION = 4.2;
				TARGETED_DEVICE_FAMILY = "1,2";
				TEST_TARGET_NAME = SampleiOSApp;
			};
			name = Debug;
		};
		DFB4DB8622397A4A007DB426 /* Release */ = {
			isa = XCBuildConfiguration;
			buildSettings = {
				ALWAYS_EMBED_SWIFT_STANDARD_LIBRARIES = YES;
				CODE_SIGN_STYLE = Automatic;
				DEVELOPMENT_TEAM = NQT2PRY5GX;
				INFOPLIST_FILE = SampleiOSAppUITests/Info.plist;
				LD_RUNPATH_SEARCH_PATHS = (
					"$(inherited)",
					"@executable_path/Frameworks",
					"@loader_path/Frameworks",
				);
				PRODUCT_BUNDLE_IDENTIFIER = com.vsct.SampleiOSAppUITests;
				PRODUCT_NAME = "$(TARGET_NAME)";
				SWIFT_VERSION = 4.2;
				TARGETED_DEVICE_FAMILY = "1,2";
				TEST_TARGET_NAME = SampleiOSApp;
			};
			name = Release;
		};
		DFB4DBA3223997A5007DB426 /* Debug */ = {
			isa = XCBuildConfiguration;
			buildSettings = {
				CLANG_ENABLE_MODULES = YES;
				CODE_SIGN_IDENTITY = "";
				CODE_SIGN_STYLE = Automatic;
				CURRENT_PROJECT_VERSION = 1;
				DEFINES_MODULE = YES;
				DEVELOPMENT_TEAM = NQT2PRY5GX;
				DYLIB_COMPATIBILITY_VERSION = 1;
				DYLIB_CURRENT_VERSION = 1;
				DYLIB_INSTALL_NAME_BASE = "@rpath";
				INFOPLIST_FILE = SampleCore/Info.plist;
				INSTALL_PATH = "$(LOCAL_LIBRARY_DIR)/Frameworks";
				LD_RUNPATH_SEARCH_PATHS = (
					"$(inherited)",
					"@executable_path/Frameworks",
					"@loader_path/Frameworks",
				);
				PRODUCT_BUNDLE_IDENTIFIER = com.vsct.SampleCore;
				PRODUCT_NAME = "$(TARGET_NAME:c99extidentifier)";
				SKIP_INSTALL = YES;
				SWIFT_OPTIMIZATION_LEVEL = "-Onone";
				SWIFT_VERSION = 4.2;
				TARGETED_DEVICE_FAMILY = "1,2";
				VERSIONING_SYSTEM = "apple-generic";
				VERSION_INFO_PREFIX = "";
			};
			name = Debug;
		};
		DFB4DBA4223997A5007DB426 /* Release */ = {
			isa = XCBuildConfiguration;
			buildSettings = {
				CLANG_ENABLE_MODULES = YES;
				CODE_SIGN_IDENTITY = "";
				CODE_SIGN_STYLE = Automatic;
				CURRENT_PROJECT_VERSION = 1;
				DEFINES_MODULE = YES;
				DEVELOPMENT_TEAM = NQT2PRY5GX;
				DYLIB_COMPATIBILITY_VERSION = 1;
				DYLIB_CURRENT_VERSION = 1;
				DYLIB_INSTALL_NAME_BASE = "@rpath";
				INFOPLIST_FILE = SampleCore/Info.plist;
				INSTALL_PATH = "$(LOCAL_LIBRARY_DIR)/Frameworks";
				LD_RUNPATH_SEARCH_PATHS = (
					"$(inherited)",
					"@executable_path/Frameworks",
					"@loader_path/Frameworks",
				);
				PRODUCT_BUNDLE_IDENTIFIER = com.vsct.SampleCore;
				PRODUCT_NAME = "$(TARGET_NAME:c99extidentifier)";
				SKIP_INSTALL = YES;
				SWIFT_VERSION = 4.2;
				TARGETED_DEVICE_FAMILY = "1,2";
				VERSIONING_SYSTEM = "apple-generic";
				VERSION_INFO_PREFIX = "";
			};
			name = Release;
		};
		DFB4DBA5223997A5007DB426 /* Debug */ = {
			isa = XCBuildConfiguration;
			buildSettings = {
				ALWAYS_EMBED_SWIFT_STANDARD_LIBRARIES = YES;
				CODE_SIGN_STYLE = Automatic;
				DEVELOPMENT_TEAM = NQT2PRY5GX;
				INFOPLIST_FILE = SampleCoreTests/Info.plist;
				LD_RUNPATH_SEARCH_PATHS = (
					"$(inherited)",
					"@executable_path/Frameworks",
					"@loader_path/Frameworks",
				);
				PRODUCT_BUNDLE_IDENTIFIER = com.vsct.SampleCoreTests;
				PRODUCT_NAME = "$(TARGET_NAME)";
				SWIFT_VERSION = 4.2;
				TARGETED_DEVICE_FAMILY = "1,2";
			};
			name = Debug;
		};
		DFB4DBA6223997A5007DB426 /* Release */ = {
			isa = XCBuildConfiguration;
			buildSettings = {
				ALWAYS_EMBED_SWIFT_STANDARD_LIBRARIES = YES;
				CODE_SIGN_STYLE = Automatic;
				DEVELOPMENT_TEAM = NQT2PRY5GX;
				INFOPLIST_FILE = SampleCoreTests/Info.plist;
				LD_RUNPATH_SEARCH_PATHS = (
					"$(inherited)",
					"@executable_path/Frameworks",
					"@loader_path/Frameworks",
				);
				PRODUCT_BUNDLE_IDENTIFIER = com.vsct.SampleCoreTests;
				PRODUCT_NAME = "$(TARGET_NAME)";
				SWIFT_VERSION = 4.2;
				TARGETED_DEVICE_FAMILY = "1,2";
			};
			name = Release;
		};
		DFB4DBC7223997E6007DB426 /* Debug */ = {
			isa = XCBuildConfiguration;
			buildSettings = {
				CODE_SIGN_IDENTITY = "";
				CODE_SIGN_STYLE = Automatic;
				CURRENT_PROJECT_VERSION = 1;
				DEFINES_MODULE = YES;
				DEVELOPMENT_TEAM = NQT2PRY5GX;
				DYLIB_COMPATIBILITY_VERSION = 1;
				DYLIB_CURRENT_VERSION = 1;
				DYLIB_INSTALL_NAME_BASE = "@rpath";
				INFOPLIST_FILE = SampleUI/Info.plist;
				INSTALL_PATH = "$(LOCAL_LIBRARY_DIR)/Frameworks";
				LD_RUNPATH_SEARCH_PATHS = (
					"$(inherited)",
					"@executable_path/Frameworks",
					"@loader_path/Frameworks",
				);
				PRODUCT_BUNDLE_IDENTIFIER = com.vsct.SampleUI;
				PRODUCT_NAME = "$(TARGET_NAME:c99extidentifier)";
				SKIP_INSTALL = YES;
				SWIFT_VERSION = 4.2;
				TARGETED_DEVICE_FAMILY = "1,2";
				VERSIONING_SYSTEM = "apple-generic";
				VERSION_INFO_PREFIX = "";
			};
			name = Debug;
		};
		DFB4DBC8223997E6007DB426 /* Release */ = {
			isa = XCBuildConfiguration;
			buildSettings = {
				CODE_SIGN_IDENTITY = "";
				CODE_SIGN_STYLE = Automatic;
				CURRENT_PROJECT_VERSION = 1;
				DEFINES_MODULE = YES;
				DEVELOPMENT_TEAM = NQT2PRY5GX;
				DYLIB_COMPATIBILITY_VERSION = 1;
				DYLIB_CURRENT_VERSION = 1;
				DYLIB_INSTALL_NAME_BASE = "@rpath";
				INFOPLIST_FILE = SampleUI/Info.plist;
				INSTALL_PATH = "$(LOCAL_LIBRARY_DIR)/Frameworks";
				LD_RUNPATH_SEARCH_PATHS = (
					"$(inherited)",
					"@executable_path/Frameworks",
					"@loader_path/Frameworks",
				);
				PRODUCT_BUNDLE_IDENTIFIER = com.vsct.SampleUI;
				PRODUCT_NAME = "$(TARGET_NAME:c99extidentifier)";
				SKIP_INSTALL = YES;
				SWIFT_VERSION = 4.2;
				TARGETED_DEVICE_FAMILY = "1,2";
				VERSIONING_SYSTEM = "apple-generic";
				VERSION_INFO_PREFIX = "";
			};
			name = Release;
		};
		DFB4DBCA223997E6007DB426 /* Debug */ = {
			isa = XCBuildConfiguration;
			buildSettings = {
				ALWAYS_EMBED_SWIFT_STANDARD_LIBRARIES = YES;
				CODE_SIGN_STYLE = Automatic;
				DEVELOPMENT_TEAM = NQT2PRY5GX;
				INFOPLIST_FILE = SampleUITests/Info.plist;
				LD_RUNPATH_SEARCH_PATHS = (
					"$(inherited)",
					"@executable_path/Frameworks",
					"@loader_path/Frameworks",
				);
				PRODUCT_BUNDLE_IDENTIFIER = com.vsct.SampleUITests;
				PRODUCT_NAME = "$(TARGET_NAME)";
				SWIFT_VERSION = 4.2;
				TARGETED_DEVICE_FAMILY = "1,2";
			};
			name = Debug;
		};
		DFB4DBCB223997E6007DB426 /* Release */ = {
			isa = XCBuildConfiguration;
			buildSettings = {
				ALWAYS_EMBED_SWIFT_STANDARD_LIBRARIES = YES;
				CODE_SIGN_STYLE = Automatic;
				DEVELOPMENT_TEAM = NQT2PRY5GX;
				INFOPLIST_FILE = SampleUITests/Info.plist;
				LD_RUNPATH_SEARCH_PATHS = (
					"$(inherited)",
					"@executable_path/Frameworks",
					"@loader_path/Frameworks",
				);
				PRODUCT_BUNDLE_IDENTIFIER = com.vsct.SampleUITests;
				PRODUCT_NAME = "$(TARGET_NAME)";
				SWIFT_VERSION = 4.2;
				TARGETED_DEVICE_FAMILY = "1,2";
			};
			name = Release;
		};
/* End XCBuildConfiguration section */

/* Begin XCConfigurationList section */
		DFB4DB5122397A49007DB426 /* Build configuration list for PBXProject "SampleiOSApp" */ = {
			isa = XCConfigurationList;
			buildConfigurations = (
				DFB4DB7C22397A4A007DB426 /* Debug */,
				DFB4DB7D22397A4A007DB426 /* Release */,
			);
			defaultConfigurationIsVisible = 0;
			defaultConfigurationName = Release;
		};
		DFB4DB7E22397A4A007DB426 /* Build configuration list for PBXNativeTarget "SampleiOSApp" */ = {
			isa = XCConfigurationList;
			buildConfigurations = (
				DFB4DB7F22397A4A007DB426 /* Debug */,
				DFB4DB8022397A4A007DB426 /* Release */,
			);
			defaultConfigurationIsVisible = 0;
			defaultConfigurationName = Release;
		};
		DFB4DB8122397A4A007DB426 /* Build configuration list for PBXNativeTarget "SampleiOSAppTests" */ = {
			isa = XCConfigurationList;
			buildConfigurations = (
				DFB4DB8222397A4A007DB426 /* Debug */,
				DFB4DB8322397A4A007DB426 /* Release */,
			);
			defaultConfigurationIsVisible = 0;
			defaultConfigurationName = Release;
		};
		DFB4DB8422397A4A007DB426 /* Build configuration list for PBXNativeTarget "SampleiOSAppUITests" */ = {
			isa = XCConfigurationList;
			buildConfigurations = (
				DFB4DB8522397A4A007DB426 /* Debug */,
				DFB4DB8622397A4A007DB426 /* Release */,
			);
			defaultConfigurationIsVisible = 0;
			defaultConfigurationName = Release;
		};
		DFB4DBA7223997A5007DB426 /* Build configuration list for PBXNativeTarget "SampleCore" */ = {
			isa = XCConfigurationList;
			buildConfigurations = (
				DFB4DBA3223997A5007DB426 /* Debug */,
				DFB4DBA4223997A5007DB426 /* Release */,
			);
			defaultConfigurationIsVisible = 0;
			defaultConfigurationName = Release;
		};
		DFB4DBA9223997A5007DB426 /* Build configuration list for PBXNativeTarget "SampleCoreTests" */ = {
			isa = XCConfigurationList;
			buildConfigurations = (
				DFB4DBA5223997A5007DB426 /* Debug */,
				DFB4DBA6223997A5007DB426 /* Release */,
			);
			defaultConfigurationIsVisible = 0;
			defaultConfigurationName = Release;
		};
		DFB4DBC6223997E6007DB426 /* Build configuration list for PBXNativeTarget "SampleUI" */ = {
			isa = XCConfigurationList;
			buildConfigurations = (
				DFB4DBC7223997E6007DB426 /* Debug */,
				DFB4DBC8223997E6007DB426 /* Release */,
			);
			defaultConfigurationIsVisible = 0;
			defaultConfigurationName = Release;
		};
		DFB4DBC9223997E6007DB426 /* Build configuration list for PBXNativeTarget "SampleUITests" */ = {
			isa = XCConfigurationList;
			buildConfigurations = (
				DFB4DBCA223997E6007DB426 /* Debug */,
				DFB4DBCB223997E6007DB426 /* Release */,
			);
			defaultConfigurationIsVisible = 0;
			defaultConfigurationName = Release;
		};
/* End XCConfigurationList section */
	};
	rootObject = DFB4DB4E22397A49007DB426 /* Project object */;
}
